
Microsoft Visual Studio Solution File, Format Version 12.00
# Visual Studio Version 16
VisualStudioVersion = 16.0.33927.289
MinimumVisualStudioVersion = 10.0.40219.1
Project("{FAE04EC0-301F-11D3-BF4B-00C04F79EFBC}") = "Practica05-AlanDiaz", "Practica05-AlanDiaz\Practica05-AlanDiaz.csproj", "{266CC202-1951-44F7-B823-66D4F950C47B}"
EndProject
Global
	GlobalSection(SolutionConfigurationPlatforms) = preSolution
		Debug|Any CPU = Debug|Any CPU
		Release|Any CPU = Release|Any CPU
	EndGlobalSection
	GlobalSection(ProjectConfigurationPlatforms) = postSolution
		{266CC202-1951-44F7-B823-66D4F950C47B}.Debug|Any CPU.ActiveCfg = Debug|Any CPU
		{266CC202-1951-44F7-B823-66D4F950C47B}.Debug|Any CPU.Build.0 = Debug|Any CPU
		{266CC202-1951-44F7-B823-66D4F950C47B}.Release|Any CPU.ActiveCfg = Release|Any CPU
		{266CC202-1951-44F7-B823-66D4F950C47B}.Release|Any CPU.Build.0 = Release|Any CPU
	EndGlobalSection
	GlobalSection(SolutionProperties) = preSolution
		HideSolutionNode = FALSE
	EndGlobalSection
	GlobalSection(ExtensibilityGlobals) = postSolution
		SolutionGuid = {127E5F93-A5C1-4F3D-B556-06E0B5162989}
	EndGlobalSection
EndGlobal
